PODS:
  - AMVEditableMediaView (0.1.0)

DEPENDENCIES:
  - AMVEditableMediaView (from `../`)

EXTERNAL SOURCES:
  AMVEditableMediaView:
    :path: "../"

SPEC CHECKSUMS:
  AMVEditableMediaView: 8c441aa2770290e657a5a2cf034c464ed70fb3ad

PODFILE CHECKSUM: 9952c2e66dc1a1801f69886909112148ac107572

COCOAPODS: 1.5.0
